<?xml version="1.0" encoding="utf-8"?>
<Project ToolsVersion="17.0" xmlns="http://schemas.microsoft.com/developer/msbuild/2003">
  <ItemGroup>
    <CustomBuild Include="C:\Users\Skuldier\Documents\SelacoFinal-Source\build_archipelago\CMakeFiles\6b565bbf7bfbe5d53d600bbece2b949e\INSTALL_force.rule">
      <Filter>CMake Rules</Filter>
    </CustomBuild>
  </ItemGroup>
  <ItemGroup>
    <Filter Include="CMake Rules">
      <UniqueIdentifier>{13AEBBDA-1D54-3F13-85B6-890E75C4085E}</UniqueIdentifier>
    </Filter>
  </ItemGroup>
</Project>
