<?xml version="1.0" encoding="utf-8"?>
<Project ToolsVersion="17.0" xmlns="http://schemas.microsoft.com/developer/msbuild/2003">
  <ItemGroup>
    <ClCompile Include="C:\Users\Skuldier\Documents\SelacoFinal-Source\libraries\ZVulkan\src\vulkanbuilders.cpp">
      <Filter>src</Filter>
    </ClCompile>
    <ClCompile Include="C:\Users\Skuldier\Documents\SelacoFinal-Source\libraries\ZVulkan\src\vulkandevice.cpp">
      <Filter>src</Filter>
    </ClCompile>
    <ClCompile Include="C:\Users\Skuldier\Documents\SelacoFinal-Source\libraries\ZVulkan\src\vulkaninstance.cpp">
      <Filter>src</Filter>
    </ClCompile>
    <ClCompile Include="C:\Users\Skuldier\Documents\SelacoFinal-Source\libraries\ZVulkan\src\vulkansurface.cpp">
      <Filter>src</Filter>
    </ClCompile>
    <ClCompile Include="C:\Users\Skuldier\Documents\SelacoFinal-Source\libraries\ZVulkan\src\vulkanswapchain.cpp">
      <Filter>src</Filter>
    </ClCompile>
    <ClCompile Include="C:\Users\Skuldier\Documents\SelacoFinal-Source\libraries\ZVulkan\src\vk_mem_alloc\vk_mem_alloc.cpp">
      <Filter>src\vk_mem_alloc</Filter>
    </ClCompile>
    <ClCompile Include="C:\Users\Skuldier\Documents\SelacoFinal-Source\libraries\ZVulkan\src\volk\volk.c">
      <Filter>src\volk</Filter>
    </ClCompile>
    <ClCompile Include="C:\Users\Skuldier\Documents\SelacoFinal-Source\libraries\ZVulkan\src\glslang\glslang\MachineIndependent\propagateNoContraction.cpp">
      <Filter>src\glslang\glslang\MachineIndependent</Filter>
    </ClCompile>
    <ClCompile Include="C:\Users\Skuldier\Documents\SelacoFinal-Source\libraries\ZVulkan\src\glslang\glslang\MachineIndependent\PoolAlloc.cpp">
      <Filter>src\glslang\glslang\MachineIndependent</Filter>
    </ClCompile>
    <ClCompile Include="C:\Users\Skuldier\Documents\SelacoFinal-Source\libraries\ZVulkan\src\glslang\glslang\MachineIndependent\Intermediate.cpp">
      <Filter>src\glslang\glslang\MachineIndependent</Filter>
    </ClCompile>
    <ClCompile Include="C:\Users\Skuldier\Documents\SelacoFinal-Source\libraries\ZVulkan\src\glslang\glslang\MachineIndependent\attribute.cpp">
      <Filter>src\glslang\glslang\MachineIndependent</Filter>
    </ClCompile>
    <ClCompile Include="C:\Users\Skuldier\Documents\SelacoFinal-Source\libraries\ZVulkan\src\glslang\glslang\MachineIndependent\Scan.cpp">
      <Filter>src\glslang\glslang\MachineIndependent</Filter>
    </ClCompile>
    <ClCompile Include="C:\Users\Skuldier\Documents\SelacoFinal-Source\libraries\ZVulkan\src\glslang\glslang\MachineIndependent\SymbolTable.cpp">
      <Filter>src\glslang\glslang\MachineIndependent</Filter>
    </ClCompile>
    <ClCompile Include="C:\Users\Skuldier\Documents\SelacoFinal-Source\libraries\ZVulkan\src\glslang\glslang\MachineIndependent\RemoveTree.cpp">
      <Filter>src\glslang\glslang\MachineIndependent</Filter>
    </ClCompile>
    <ClCompile Include="C:\Users\Skuldier\Documents\SelacoFinal-Source\libraries\ZVulkan\src\glslang\glslang\MachineIndependent\reflection.cpp">
      <Filter>src\glslang\glslang\MachineIndependent</Filter>
    </ClCompile>
    <ClCompile Include="C:\Users\Skuldier\Documents\SelacoFinal-Source\libraries\ZVulkan\src\glslang\glslang\MachineIndependent\iomapper.cpp">
      <Filter>src\glslang\glslang\MachineIndependent</Filter>
    </ClCompile>
    <ClCompile Include="C:\Users\Skuldier\Documents\SelacoFinal-Source\libraries\ZVulkan\src\glslang\glslang\MachineIndependent\intermOut.cpp">
      <Filter>src\glslang\glslang\MachineIndependent</Filter>
    </ClCompile>
    <ClCompile Include="C:\Users\Skuldier\Documents\SelacoFinal-Source\libraries\ZVulkan\src\glslang\glslang\MachineIndependent\Versions.cpp">
      <Filter>src\glslang\glslang\MachineIndependent</Filter>
    </ClCompile>
    <ClCompile Include="C:\Users\Skuldier\Documents\SelacoFinal-Source\libraries\ZVulkan\src\glslang\glslang\MachineIndependent\linkValidate.cpp">
      <Filter>src\glslang\glslang\MachineIndependent</Filter>
    </ClCompile>
    <ClCompile Include="C:\Users\Skuldier\Documents\SelacoFinal-Source\libraries\ZVulkan\src\glslang\glslang\MachineIndependent\InfoSink.cpp">
      <Filter>src\glslang\glslang\MachineIndependent</Filter>
    </ClCompile>
    <ClCompile Include="C:\Users\Skuldier\Documents\SelacoFinal-Source\libraries\ZVulkan\src\glslang\glslang\MachineIndependent\Constant.cpp">
      <Filter>src\glslang\glslang\MachineIndependent</Filter>
    </ClCompile>
    <ClCompile Include="C:\Users\Skuldier\Documents\SelacoFinal-Source\libraries\ZVulkan\src\glslang\glslang\MachineIndependent\IntermTraverse.cpp">
      <Filter>src\glslang\glslang\MachineIndependent</Filter>
    </ClCompile>
    <ClCompile Include="C:\Users\Skuldier\Documents\SelacoFinal-Source\libraries\ZVulkan\src\glslang\glslang\MachineIndependent\glslang_tab.cpp">
      <Filter>src\glslang\glslang\MachineIndependent</Filter>
    </ClCompile>
    <ClCompile Include="C:\Users\Skuldier\Documents\SelacoFinal-Source\libraries\ZVulkan\src\glslang\glslang\MachineIndependent\ShaderLang.cpp">
      <Filter>src\glslang\glslang\MachineIndependent</Filter>
    </ClCompile>
    <ClCompile Include="C:\Users\Skuldier\Documents\SelacoFinal-Source\libraries\ZVulkan\src\glslang\glslang\MachineIndependent\preprocessor\Pp.cpp">
      <Filter>src\glslang\glslang\MachineIndependent\preprocessor</Filter>
    </ClCompile>
    <ClCompile Include="C:\Users\Skuldier\Documents\SelacoFinal-Source\libraries\ZVulkan\src\glslang\glslang\MachineIndependent\preprocessor\PpAtom.cpp">
      <Filter>src\glslang\glslang\MachineIndependent\preprocessor</Filter>
    </ClCompile>
    <ClCompile Include="C:\Users\Skuldier\Documents\SelacoFinal-Source\libraries\ZVulkan\src\glslang\glslang\MachineIndependent\preprocessor\PpContext.cpp">
      <Filter>src\glslang\glslang\MachineIndependent\preprocessor</Filter>
    </ClCompile>
    <ClCompile Include="C:\Users\Skuldier\Documents\SelacoFinal-Source\libraries\ZVulkan\src\glslang\glslang\MachineIndependent\preprocessor\PpTokens.cpp">
      <Filter>src\glslang\glslang\MachineIndependent\preprocessor</Filter>
    </ClCompile>
    <ClCompile Include="C:\Users\Skuldier\Documents\SelacoFinal-Source\libraries\ZVulkan\src\glslang\glslang\MachineIndependent\preprocessor\PpScanner.cpp">
      <Filter>src\glslang\glslang\MachineIndependent\preprocessor</Filter>
    </ClCompile>
    <ClCompile Include="C:\Users\Skuldier\Documents\SelacoFinal-Source\libraries\ZVulkan\src\glslang\glslang\MachineIndependent\parseConst.cpp">
      <Filter>src\glslang\glslang\MachineIndependent</Filter>
    </ClCompile>
    <ClCompile Include="C:\Users\Skuldier\Documents\SelacoFinal-Source\libraries\ZVulkan\src\glslang\glslang\MachineIndependent\Initialize.cpp">
      <Filter>src\glslang\glslang\MachineIndependent</Filter>
    </ClCompile>
    <ClCompile Include="C:\Users\Skuldier\Documents\SelacoFinal-Source\libraries\ZVulkan\src\glslang\glslang\MachineIndependent\limits.cpp">
      <Filter>src\glslang\glslang\MachineIndependent</Filter>
    </ClCompile>
    <ClCompile Include="C:\Users\Skuldier\Documents\SelacoFinal-Source\libraries\ZVulkan\src\glslang\glslang\MachineIndependent\ParseContextBase.cpp">
      <Filter>src\glslang\glslang\MachineIndependent</Filter>
    </ClCompile>
    <ClCompile Include="C:\Users\Skuldier\Documents\SelacoFinal-Source\libraries\ZVulkan\src\glslang\glslang\MachineIndependent\ParseHelper.cpp">
      <Filter>src\glslang\glslang\MachineIndependent</Filter>
    </ClCompile>
    <ClCompile Include="C:\Users\Skuldier\Documents\SelacoFinal-Source\libraries\ZVulkan\src\glslang\glslang\MachineIndependent\SpirvIntrinsics.cpp">
      <Filter>src\glslang\glslang\MachineIndependent</Filter>
    </ClCompile>
    <ClCompile Include="C:\Users\Skuldier\Documents\SelacoFinal-Source\libraries\ZVulkan\src\glslang\glslang\GenericCodeGen\Link.cpp">
      <Filter>src\glslang\glslang\GenericCodeGen</Filter>
    </ClCompile>
    <ClCompile Include="C:\Users\Skuldier\Documents\SelacoFinal-Source\libraries\ZVulkan\src\glslang\glslang\GenericCodeGen\CodeGen.cpp">
      <Filter>src\glslang\glslang\GenericCodeGen</Filter>
    </ClCompile>
    <ClCompile Include="C:\Users\Skuldier\Documents\SelacoFinal-Source\libraries\ZVulkan\src\glslang\spirv\GlslangToSpv.cpp">
      <Filter>src\glslang\spirv</Filter>
    </ClCompile>
    <ClCompile Include="C:\Users\Skuldier\Documents\SelacoFinal-Source\libraries\ZVulkan\src\glslang\spirv\doc.cpp">
      <Filter>src\glslang\spirv</Filter>
    </ClCompile>
    <ClCompile Include="C:\Users\Skuldier\Documents\SelacoFinal-Source\libraries\ZVulkan\src\glslang\spirv\disassemble.cpp">
      <Filter>src\glslang\spirv</Filter>
    </ClCompile>
    <ClCompile Include="C:\Users\Skuldier\Documents\SelacoFinal-Source\libraries\ZVulkan\src\glslang\spirv\SpvPostProcess.cpp">
      <Filter>src\glslang\spirv</Filter>
    </ClCompile>
    <ClCompile Include="C:\Users\Skuldier\Documents\SelacoFinal-Source\libraries\ZVulkan\src\glslang\spirv\InReadableOrder.cpp">
      <Filter>src\glslang\spirv</Filter>
    </ClCompile>
    <ClCompile Include="C:\Users\Skuldier\Documents\SelacoFinal-Source\libraries\ZVulkan\src\glslang\spirv\SPVRemapper.cpp">
      <Filter>src\glslang\spirv</Filter>
    </ClCompile>
    <ClCompile Include="C:\Users\Skuldier\Documents\SelacoFinal-Source\libraries\ZVulkan\src\glslang\spirv\SpvBuilder.cpp">
      <Filter>src\glslang\spirv</Filter>
    </ClCompile>
    <ClCompile Include="C:\Users\Skuldier\Documents\SelacoFinal-Source\libraries\ZVulkan\src\glslang\spirv\SpvTools.cpp">
      <Filter>src\glslang\spirv</Filter>
    </ClCompile>
    <ClCompile Include="C:\Users\Skuldier\Documents\SelacoFinal-Source\libraries\ZVulkan\src\glslang\spirv\Logger.cpp">
      <Filter>src\glslang\spirv</Filter>
    </ClCompile>
    <ClCompile Include="C:\Users\Skuldier\Documents\SelacoFinal-Source\libraries\ZVulkan\src\glslang\OGLCompilersDLL\InitializeDll.cpp">
      <Filter>src\glslang\OGLCompilersDLL</Filter>
    </ClCompile>
    <ClCompile Include="C:\Users\Skuldier\Documents\SelacoFinal-Source\libraries\ZVulkan\src\glslang\glslang\OSDependent\Windows\ossource.cpp">
      <Filter>src\glslang\glslang\OSDependent\Windows</Filter>
    </ClCompile>
  </ItemGroup>
  <ItemGroup>
    <ClInclude Include="C:\Users\Skuldier\Documents\SelacoFinal-Source\libraries\ZVulkan\src\glslang\glslang\MachineIndependent\SymbolTable.h">
      <Filter>src\glslang\glslang\MachineIndependent</Filter>
    </ClInclude>
    <ClInclude Include="C:\Users\Skuldier\Documents\SelacoFinal-Source\libraries\ZVulkan\src\glslang\glslang\MachineIndependent\gl_types.h">
      <Filter>src\glslang\glslang\MachineIndependent</Filter>
    </ClInclude>
    <ClInclude Include="C:\Users\Skuldier\Documents\SelacoFinal-Source\libraries\ZVulkan\src\glslang\glslang\MachineIndependent\parseVersions.h">
      <Filter>src\glslang\glslang\MachineIndependent</Filter>
    </ClInclude>
    <ClInclude Include="C:\Users\Skuldier\Documents\SelacoFinal-Source\libraries\ZVulkan\src\glslang\glslang\MachineIndependent\iomapper.h">
      <Filter>src\glslang\glslang\MachineIndependent</Filter>
    </ClInclude>
    <ClInclude Include="C:\Users\Skuldier\Documents\SelacoFinal-Source\libraries\ZVulkan\src\glslang\glslang\MachineIndependent\ParseHelper.h">
      <Filter>src\glslang\glslang\MachineIndependent</Filter>
    </ClInclude>
    <ClInclude Include="C:\Users\Skuldier\Documents\SelacoFinal-Source\libraries\ZVulkan\src\glslang\glslang\MachineIndependent\glslang_tab.cpp.h">
      <Filter>src\glslang\glslang\MachineIndependent</Filter>
    </ClInclude>
    <ClInclude Include="C:\Users\Skuldier\Documents\SelacoFinal-Source\libraries\ZVulkan\src\glslang\glslang\MachineIndependent\Versions.h">
      <Filter>src\glslang\glslang\MachineIndependent</Filter>
    </ClInclude>
    <ClInclude Include="C:\Users\Skuldier\Documents\SelacoFinal-Source\libraries\ZVulkan\src\glslang\glslang\MachineIndependent\LiveTraverser.h">
      <Filter>src\glslang\glslang\MachineIndependent</Filter>
    </ClInclude>
    <ClInclude Include="C:\Users\Skuldier\Documents\SelacoFinal-Source\libraries\ZVulkan\src\glslang\glslang\MachineIndependent\Initialize.h">
      <Filter>src\glslang\glslang\MachineIndependent</Filter>
    </ClInclude>
    <ClInclude Include="C:\Users\Skuldier\Documents\SelacoFinal-Source\libraries\ZVulkan\src\glslang\glslang\MachineIndependent\propagateNoContraction.h">
      <Filter>src\glslang\glslang\MachineIndependent</Filter>
    </ClInclude>
    <ClInclude Include="C:\Users\Skuldier\Documents\SelacoFinal-Source\libraries\ZVulkan\src\glslang\glslang\MachineIndependent\preprocessor\PpTokens.h">
      <Filter>src\glslang\glslang\MachineIndependent\preprocessor</Filter>
    </ClInclude>
    <ClInclude Include="C:\Users\Skuldier\Documents\SelacoFinal-Source\libraries\ZVulkan\src\glslang\glslang\MachineIndependent\preprocessor\PpContext.h">
      <Filter>src\glslang\glslang\MachineIndependent\preprocessor</Filter>
    </ClInclude>
    <ClInclude Include="C:\Users\Skuldier\Documents\SelacoFinal-Source\libraries\ZVulkan\src\glslang\glslang\MachineIndependent\attribute.h">
      <Filter>src\glslang\glslang\MachineIndependent</Filter>
    </ClInclude>
    <ClInclude Include="C:\Users\Skuldier\Documents\SelacoFinal-Source\libraries\ZVulkan\src\glslang\glslang\MachineIndependent\localintermediate.h">
      <Filter>src\glslang\glslang\MachineIndependent</Filter>
    </ClInclude>
    <ClInclude Include="C:\Users\Skuldier\Documents\SelacoFinal-Source\libraries\ZVulkan\src\glslang\glslang\MachineIndependent\RemoveTree.h">
      <Filter>src\glslang\glslang\MachineIndependent</Filter>
    </ClInclude>
    <ClInclude Include="C:\Users\Skuldier\Documents\SelacoFinal-Source\libraries\ZVulkan\src\glslang\glslang\MachineIndependent\Scan.h">
      <Filter>src\glslang\glslang\MachineIndependent</Filter>
    </ClInclude>
    <ClInclude Include="C:\Users\Skuldier\Documents\SelacoFinal-Source\libraries\ZVulkan\src\glslang\glslang\MachineIndependent\reflection.h">
      <Filter>src\glslang\glslang\MachineIndependent</Filter>
    </ClInclude>
    <ClInclude Include="C:\Users\Skuldier\Documents\SelacoFinal-Source\libraries\ZVulkan\src\glslang\glslang\MachineIndependent\ScanContext.h">
      <Filter>src\glslang\glslang\MachineIndependent</Filter>
    </ClInclude>
    <ClInclude Include="C:\Users\Skuldier\Documents\SelacoFinal-Source\libraries\ZVulkan\src\glslang\glslang\OSDependent\osinclude.h">
      <Filter>src\glslang\glslang\OSDependent</Filter>
    </ClInclude>
    <ClInclude Include="C:\Users\Skuldier\Documents\SelacoFinal-Source\libraries\ZVulkan\src\glslang\glslang\Public\ShaderLang.h">
      <Filter>src\glslang\glslang\Public</Filter>
    </ClInclude>
    <ClInclude Include="C:\Users\Skuldier\Documents\SelacoFinal-Source\libraries\ZVulkan\src\glslang\glslang\Include\ConstantUnion.h">
      <Filter>src\glslang\glslang\Include</Filter>
    </ClInclude>
    <ClInclude Include="C:\Users\Skuldier\Documents\SelacoFinal-Source\libraries\ZVulkan\src\glslang\glslang\Include\InitializeGlobals.h">
      <Filter>src\glslang\glslang\Include</Filter>
    </ClInclude>
    <ClInclude Include="C:\Users\Skuldier\Documents\SelacoFinal-Source\libraries\ZVulkan\src\glslang\glslang\Include\Common.h">
      <Filter>src\glslang\glslang\Include</Filter>
    </ClInclude>
    <ClInclude Include="C:\Users\Skuldier\Documents\SelacoFinal-Source\libraries\ZVulkan\src\glslang\glslang\Include\PoolAlloc.h">
      <Filter>src\glslang\glslang\Include</Filter>
    </ClInclude>
    <ClInclude Include="C:\Users\Skuldier\Documents\SelacoFinal-Source\libraries\ZVulkan\src\glslang\glslang\Include\arrays.h">
      <Filter>src\glslang\glslang\Include</Filter>
    </ClInclude>
    <ClInclude Include="C:\Users\Skuldier\Documents\SelacoFinal-Source\libraries\ZVulkan\src\glslang\glslang\Include\ShHandle.h">
      <Filter>src\glslang\glslang\Include</Filter>
    </ClInclude>
    <ClInclude Include="C:\Users\Skuldier\Documents\SelacoFinal-Source\libraries\ZVulkan\src\glslang\glslang\Include\InfoSink.h">
      <Filter>src\glslang\glslang\Include</Filter>
    </ClInclude>
    <ClInclude Include="C:\Users\Skuldier\Documents\SelacoFinal-Source\libraries\ZVulkan\src\glslang\glslang\Include\ResourceLimits.h">
      <Filter>src\glslang\glslang\Include</Filter>
    </ClInclude>
    <ClInclude Include="C:\Users\Skuldier\Documents\SelacoFinal-Source\libraries\ZVulkan\src\glslang\glslang\Include\Types.h">
      <Filter>src\glslang\glslang\Include</Filter>
    </ClInclude>
    <ClInclude Include="C:\Users\Skuldier\Documents\SelacoFinal-Source\libraries\ZVulkan\src\glslang\glslang\Include\BaseTypes.h">
      <Filter>src\glslang\glslang\Include</Filter>
    </ClInclude>
    <ClInclude Include="C:\Users\Skuldier\Documents\SelacoFinal-Source\libraries\ZVulkan\src\glslang\glslang\Include\intermediate.h">
      <Filter>src\glslang\glslang\Include</Filter>
    </ClInclude>
    <ClInclude Include="C:\Users\Skuldier\Documents\SelacoFinal-Source\libraries\ZVulkan\src\glslang\glslang\Include\SpirvIntrinsics.h">
      <Filter>src\glslang\glslang\Include</Filter>
    </ClInclude>
    <ClInclude Include="C:\Users\Skuldier\Documents\SelacoFinal-Source\libraries\ZVulkan\src\glslang\glslang\Include\build_info.h">
      <Filter>src\glslang\glslang\Include</Filter>
    </ClInclude>
    <ClInclude Include="C:\Users\Skuldier\Documents\SelacoFinal-Source\libraries\ZVulkan\src\glslang\spirv\Logger.h">
      <Filter>src\glslang\spirv</Filter>
    </ClInclude>
    <ClInclude Include="C:\Users\Skuldier\Documents\SelacoFinal-Source\libraries\ZVulkan\src\glslang\spirv\SPVRemapper.h">
      <Filter>src\glslang\spirv</Filter>
    </ClInclude>
    <ClInclude Include="C:\Users\Skuldier\Documents\SelacoFinal-Source\libraries\ZVulkan\src\glslang\spirv\GLSL.ext.EXT.h">
      <Filter>src\glslang\spirv</Filter>
    </ClInclude>
    <ClInclude Include="C:\Users\Skuldier\Documents\SelacoFinal-Source\libraries\ZVulkan\src\glslang\spirv\hex_float.h">
      <Filter>src\glslang\spirv</Filter>
    </ClInclude>
    <ClInclude Include="C:\Users\Skuldier\Documents\SelacoFinal-Source\libraries\ZVulkan\src\glslang\spirv\bitutils.h">
      <Filter>src\glslang\spirv</Filter>
    </ClInclude>
    <ClInclude Include="C:\Users\Skuldier\Documents\SelacoFinal-Source\libraries\ZVulkan\src\glslang\spirv\GLSL.ext.AMD.h">
      <Filter>src\glslang\spirv</Filter>
    </ClInclude>
    <ClInclude Include="C:\Users\Skuldier\Documents\SelacoFinal-Source\libraries\ZVulkan\src\glslang\spirv\GLSL.ext.NV.h">
      <Filter>src\glslang\spirv</Filter>
    </ClInclude>
    <ClInclude Include="C:\Users\Skuldier\Documents\SelacoFinal-Source\libraries\ZVulkan\src\glslang\spirv\SpvBuilder.h">
      <Filter>src\glslang\spirv</Filter>
    </ClInclude>
    <ClInclude Include="C:\Users\Skuldier\Documents\SelacoFinal-Source\libraries\ZVulkan\src\glslang\spirv\GLSL.ext.KHR.h">
      <Filter>src\glslang\spirv</Filter>
    </ClInclude>
    <ClInclude Include="C:\Users\Skuldier\Documents\SelacoFinal-Source\libraries\ZVulkan\src\glslang\spirv\disassemble.h">
      <Filter>src\glslang\spirv</Filter>
    </ClInclude>
    <ClInclude Include="C:\Users\Skuldier\Documents\SelacoFinal-Source\libraries\ZVulkan\src\glslang\spirv\GlslangToSpv.h">
      <Filter>src\glslang\spirv</Filter>
    </ClInclude>
    <ClInclude Include="C:\Users\Skuldier\Documents\SelacoFinal-Source\libraries\ZVulkan\src\glslang\spirv\doc.h">
      <Filter>src\glslang\spirv</Filter>
    </ClInclude>
    <ClInclude Include="C:\Users\Skuldier\Documents\SelacoFinal-Source\libraries\ZVulkan\src\glslang\spirv\spvIR.h">
      <Filter>src\glslang\spirv</Filter>
    </ClInclude>
    <ClInclude Include="C:\Users\Skuldier\Documents\SelacoFinal-Source\libraries\ZVulkan\src\glslang\spirv\SpvTools.h">
      <Filter>src\glslang\spirv</Filter>
    </ClInclude>
    <ClInclude Include="C:\Users\Skuldier\Documents\SelacoFinal-Source\libraries\ZVulkan\src\glslang\spirv\GLSL.std.450.h">
      <Filter>src\glslang\spirv</Filter>
    </ClInclude>
    <ClInclude Include="C:\Users\Skuldier\Documents\SelacoFinal-Source\libraries\ZVulkan\src\glslang\spirv\NonSemanticDebugPrintf.h">
      <Filter>src\glslang\spirv</Filter>
    </ClInclude>
    <ClInclude Include="C:\Users\Skuldier\Documents\SelacoFinal-Source\libraries\ZVulkan\src\glslang\OGLCompilersDLL\InitializeDll.h">
      <Filter>src\glslang\OGLCompilersDLL</Filter>
    </ClInclude>
    <ClInclude Include="C:\Users\Skuldier\Documents\SelacoFinal-Source\libraries\ZVulkan\include\zvulkan\vulkanbuilders.h">
      <Filter>include</Filter>
    </ClInclude>
    <ClInclude Include="C:\Users\Skuldier\Documents\SelacoFinal-Source\libraries\ZVulkan\include\zvulkan\vulkancompatibledevice.h">
      <Filter>include</Filter>
    </ClInclude>
    <ClInclude Include="C:\Users\Skuldier\Documents\SelacoFinal-Source\libraries\ZVulkan\include\zvulkan\vulkandevice.h">
      <Filter>include</Filter>
    </ClInclude>
    <ClInclude Include="C:\Users\Skuldier\Documents\SelacoFinal-Source\libraries\ZVulkan\include\zvulkan\vulkaninstance.h">
      <Filter>include</Filter>
    </ClInclude>
    <ClInclude Include="C:\Users\Skuldier\Documents\SelacoFinal-Source\libraries\ZVulkan\include\zvulkan\vulkanobjects.h">
      <Filter>include</Filter>
    </ClInclude>
    <ClInclude Include="C:\Users\Skuldier\Documents\SelacoFinal-Source\libraries\ZVulkan\include\zvulkan\vulkansurface.h">
      <Filter>include</Filter>
    </ClInclude>
    <ClInclude Include="C:\Users\Skuldier\Documents\SelacoFinal-Source\libraries\ZVulkan\include\zvulkan\vulkanswapchain.h">
      <Filter>include</Filter>
    </ClInclude>
    <ClInclude Include="C:\Users\Skuldier\Documents\SelacoFinal-Source\libraries\ZVulkan\include\zvulkan\volk\volk.h">
      <Filter>include\volk</Filter>
    </ClInclude>
    <ClInclude Include="C:\Users\Skuldier\Documents\SelacoFinal-Source\libraries\ZVulkan\include\zvulkan\vk_mem_alloc\vk_mem_alloc.h">
      <Filter>include\vk_mem_alloc</Filter>
    </ClInclude>
    <ClInclude Include="C:\Users\Skuldier\Documents\SelacoFinal-Source\libraries\ZVulkan\include\vulkan\vk_enum_string_helper.h">
      <Filter>Header Files</Filter>
    </ClInclude>
    <ClInclude Include="C:\Users\Skuldier\Documents\SelacoFinal-Source\libraries\ZVulkan\include\vulkan\vk_icd.h">
      <Filter>Header Files</Filter>
    </ClInclude>
    <ClInclude Include="C:\Users\Skuldier\Documents\SelacoFinal-Source\libraries\ZVulkan\include\vulkan\vk_layer.h">
      <Filter>Header Files</Filter>
    </ClInclude>
    <ClInclude Include="C:\Users\Skuldier\Documents\SelacoFinal-Source\libraries\ZVulkan\include\vulkan\vk_layer_dispatch_table.h">
      <Filter>Header Files</Filter>
    </ClInclude>
    <ClInclude Include="C:\Users\Skuldier\Documents\SelacoFinal-Source\libraries\ZVulkan\include\vulkan\vk_platform.h">
      <Filter>Header Files</Filter>
    </ClInclude>
    <ClInclude Include="C:\Users\Skuldier\Documents\SelacoFinal-Source\libraries\ZVulkan\include\vulkan\vk_sdk_platform.h">
      <Filter>Header Files</Filter>
    </ClInclude>
    <ClInclude Include="C:\Users\Skuldier\Documents\SelacoFinal-Source\libraries\ZVulkan\include\vulkan\vulkan.h">
      <Filter>Header Files</Filter>
    </ClInclude>
    <ClInclude Include="C:\Users\Skuldier\Documents\SelacoFinal-Source\libraries\ZVulkan\include\vulkan\vulkan_android.h">
      <Filter>Header Files</Filter>
    </ClInclude>
    <ClInclude Include="C:\Users\Skuldier\Documents\SelacoFinal-Source\libraries\ZVulkan\include\vulkan\vulkan_beta.h">
      <Filter>Header Files</Filter>
    </ClInclude>
    <ClInclude Include="C:\Users\Skuldier\Documents\SelacoFinal-Source\libraries\ZVulkan\include\vulkan\vulkan_core.h">
      <Filter>Header Files</Filter>
    </ClInclude>
    <ClInclude Include="C:\Users\Skuldier\Documents\SelacoFinal-Source\libraries\ZVulkan\include\vulkan\vulkan_directfb.h">
      <Filter>Header Files</Filter>
    </ClInclude>
    <ClInclude Include="C:\Users\Skuldier\Documents\SelacoFinal-Source\libraries\ZVulkan\include\vulkan\vulkan_fuchsia.h">
      <Filter>Header Files</Filter>
    </ClInclude>
    <ClInclude Include="C:\Users\Skuldier\Documents\SelacoFinal-Source\libraries\ZVulkan\include\vulkan\vulkan_ggp.h">
      <Filter>Header Files</Filter>
    </ClInclude>
    <ClInclude Include="C:\Users\Skuldier\Documents\SelacoFinal-Source\libraries\ZVulkan\include\vulkan\vulkan_ios.h">
      <Filter>Header Files</Filter>
    </ClInclude>
    <ClInclude Include="C:\Users\Skuldier\Documents\SelacoFinal-Source\libraries\ZVulkan\include\vulkan\vulkan_macos.h">
      <Filter>Header Files</Filter>
    </ClInclude>
    <ClInclude Include="C:\Users\Skuldier\Documents\SelacoFinal-Source\libraries\ZVulkan\include\vulkan\vulkan_metal.h">
      <Filter>Header Files</Filter>
    </ClInclude>
    <ClInclude Include="C:\Users\Skuldier\Documents\SelacoFinal-Source\libraries\ZVulkan\include\vulkan\vulkan_mir.h">
      <Filter>Header Files</Filter>
    </ClInclude>
    <ClInclude Include="C:\Users\Skuldier\Documents\SelacoFinal-Source\libraries\ZVulkan\include\vulkan\vulkan_screen.h">
      <Filter>Header Files</Filter>
    </ClInclude>
    <ClInclude Include="C:\Users\Skuldier\Documents\SelacoFinal-Source\libraries\ZVulkan\include\vulkan\vulkan_vi.h">
      <Filter>Header Files</Filter>
    </ClInclude>
    <ClInclude Include="C:\Users\Skuldier\Documents\SelacoFinal-Source\libraries\ZVulkan\include\vulkan\vulkan_wayland.h">
      <Filter>Header Files</Filter>
    </ClInclude>
    <ClInclude Include="C:\Users\Skuldier\Documents\SelacoFinal-Source\libraries\ZVulkan\include\vulkan\vulkan_win32.h">
      <Filter>Header Files</Filter>
    </ClInclude>
    <ClInclude Include="C:\Users\Skuldier\Documents\SelacoFinal-Source\libraries\ZVulkan\include\vulkan\vulkan_xcb.h">
      <Filter>Header Files</Filter>
    </ClInclude>
    <ClInclude Include="C:\Users\Skuldier\Documents\SelacoFinal-Source\libraries\ZVulkan\include\vulkan\vulkan_xlib.h">
      <Filter>Header Files</Filter>
    </ClInclude>
    <ClInclude Include="C:\Users\Skuldier\Documents\SelacoFinal-Source\libraries\ZVulkan\include\vulkan\vulkan_xlib_xrandr.h">
      <Filter>Header Files</Filter>
    </ClInclude>
  </ItemGroup>
  <ItemGroup>
    <CustomBuild Include="C:\Users\Skuldier\Documents\SelacoFinal-Source\libraries\ZVulkan\CMakeLists.txt" />
  </ItemGroup>
  <ItemGroup>
    <Natvis Include="C:\Users\Skuldier\Documents\SelacoFinal-Source\libraries\ZVulkan\src\vk_mem_alloc\vk_mem_alloc.natvis">
      <Filter>src\vk_mem_alloc</Filter>
    </Natvis>
  </ItemGroup>
  <ItemGroup>
    <Filter Include="Header Files">
      <UniqueIdentifier>{0F1B0599-0B3E-30C3-A4E0-9E1D599D9C9E}</UniqueIdentifier>
    </Filter>
    <Filter Include="include">
      <UniqueIdentifier>{075BECF4-4F3E-39DB-9ED4-2ACEF2E6E866}</UniqueIdentifier>
    </Filter>
    <Filter Include="include\vk_mem_alloc">
      <UniqueIdentifier>{BF884115-CA34-33A8-9802-2EFB3722D406}</UniqueIdentifier>
    </Filter>
    <Filter Include="include\volk">
      <UniqueIdentifier>{E7DB557F-2F5C-3CFA-A60F-63BFF929DD78}</UniqueIdentifier>
    </Filter>
    <Filter Include="src">
      <UniqueIdentifier>{25FEB503-F6B8-320F-A5BC-65A7BD12D6A9}</UniqueIdentifier>
    </Filter>
    <Filter Include="src\glslang">
      <UniqueIdentifier>{A6672A17-4817-3397-BE3B-0CC0A7F04200}</UniqueIdentifier>
    </Filter>
    <Filter Include="src\glslang\OGLCompilersDLL">
      <UniqueIdentifier>{5002DD31-E875-3C98-841B-606113235FFC}</UniqueIdentifier>
    </Filter>
    <Filter Include="src\glslang\glslang">
      <UniqueIdentifier>{5E826A95-747A-3917-A1CA-F58552970E44}</UniqueIdentifier>
    </Filter>
    <Filter Include="src\glslang\glslang\GenericCodeGen">
      <UniqueIdentifier>{35EF79AF-3688-30F7-8B67-FD62CFA2D68C}</UniqueIdentifier>
    </Filter>
    <Filter Include="src\glslang\glslang\Include">
      <UniqueIdentifier>{10D094B7-9190-3DB2-BE03-669D55726CDA}</UniqueIdentifier>
    </Filter>
    <Filter Include="src\glslang\glslang\MachineIndependent">
      <UniqueIdentifier>{B53B0A99-648C-36C5-B64F-DF0A14188BCD}</UniqueIdentifier>
    </Filter>
    <Filter Include="src\glslang\glslang\MachineIndependent\preprocessor">
      <UniqueIdentifier>{9DEDE969-2564-320A-911E-23B7B0DF8A1F}</UniqueIdentifier>
    </Filter>
    <Filter Include="src\glslang\glslang\OSDependent">
      <UniqueIdentifier>{4366D2E0-B8E1-3355-8779-0C87A49DA0C8}</UniqueIdentifier>
    </Filter>
    <Filter Include="src\glslang\glslang\OSDependent\Windows">
      <UniqueIdentifier>{97DEEE07-FB1B-342C-838F-58DE5ADE6040}</UniqueIdentifier>
    </Filter>
    <Filter Include="src\glslang\glslang\Public">
      <UniqueIdentifier>{049D2180-ACEA-3C1E-ABAF-29BEBDF77732}</UniqueIdentifier>
    </Filter>
    <Filter Include="src\glslang\spirv">
      <UniqueIdentifier>{35DDC89C-A148-317E-8E27-BDDDFFFADEB5}</UniqueIdentifier>
    </Filter>
    <Filter Include="src\vk_mem_alloc">
      <UniqueIdentifier>{9EB6FD5C-45CB-34D1-94D2-FB7851C77A5E}</UniqueIdentifier>
    </Filter>
    <Filter Include="src\volk">
      <UniqueIdentifier>{453405B7-94C5-3E29-936A-BFDE6B9D3A5A}</UniqueIdentifier>
    </Filter>
  </ItemGroup>
</Project>
