
Microsoft Visual Studio Solution File, Format Version 12.00
# Visual Studio Version 17
Project("{8BC9CEB8-8B4A-11D0-8D11-00A0C91BC942}") = "ALL_BUILD", "ALL_BUILD.vcxproj", "{8F3F8B51-8A73-3158-A3D6-9144AEA86A73}"
	ProjectSection(ProjectDependencies) = postProject
		{8DD58DF7-66D8-3860-9317-855D69361EC9} = {8DD58DF7-66D8-3860-9317-855D69361EC9}
		{ED8DF6FB-750B-3AD8-A054-B2A35E41A8A0} = {ED8DF6FB-750B-3AD8-A054-B2A35E41A8A0}
		{C8C66C0D-EFC6-3846-9ED0-859B3EAEB270} = {C8C66C0D-EFC6-3846-9ED0-859B3EAEB270}
		{2EF7017C-62D4-31AF-A0F6-A16DE33C5898} = {2EF7017C-62D4-31AF-A0F6-A16DE33C5898}
		{FE0EBBB5-F4DC-3E3A-89B0-3C10408374BA} = {FE0EBBB5-F4DC-3E3A-89B0-3C10408374BA}
		{EFE63ADB-301D-363A-89B4-0E638D691608} = {EFE63ADB-301D-363A-89B4-0E638D691608}
		{4545C709-2D17-3B7E-A83C-23F03B4CFC99} = {4545C709-2D17-3B7E-A83C-23F03B4CFC99}
		{3431DDFC-E771-3E0B-9D70-C9BCB123B171} = {3431DDFC-E771-3E0B-9D70-C9BCB123B171}
		{9B1BBA72-620E-3F2B-AD66-ADD1F780A83F} = {9B1BBA72-620E-3F2B-AD66-ADD1F780A83F}
		{BB998E79-DE7E-3393-BF24-B61CF7F5654A} = {BB998E79-DE7E-3393-BF24-B61CF7F5654A}
		{23924795-505C-34BB-B892-6F486B99CC24} = {23924795-505C-34BB-B892-6F486B99CC24}
		{42A337CD-6DCB-36A6-878B-29809068903F} = {42A337CD-6DCB-36A6-878B-29809068903F}
		{6AC7207B-8D30-3D63-8A88-D5EA98C12777} = {6AC7207B-8D30-3D63-8A88-D5EA98C12777}
		{37B63587-779D-3DBE-AE51-C692E823FA81} = {37B63587-779D-3DBE-AE51-C692E823FA81}
		{A48CD3C3-E9FA-3A87-9F32-51739C8B1E13} = {A48CD3C3-E9FA-3A87-9F32-51739C8B1E13}
		{EC1FCF76-394B-3659-9A2A-6667BCDA19E4} = {EC1FCF76-394B-3659-9A2A-6667BCDA19E4}
	EndProjectSection
EndProject
Project("{8BC9CEB8-8B4A-11D0-8D11-00A0C91BC942}") = "INSTALL", "INSTALL.vcxproj", "{CF425DB8-B6DF-3A5D-8C51-5C1F0CF9D04F}"
	ProjectSection(ProjectDependencies) = postProject
		{8F3F8B51-8A73-3158-A3D6-9144AEA86A73} = {8F3F8B51-8A73-3158-A3D6-9144AEA86A73}
		{8DD58DF7-66D8-3860-9317-855D69361EC9} = {8DD58DF7-66D8-3860-9317-855D69361EC9}
	EndProjectSection
EndProject
Project("{8BC9CEB8-8B4A-11D0-8D11-00A0C91BC942}") = "ZERO_CHECK", "ZERO_CHECK.vcxproj", "{8DD58DF7-66D8-3860-9317-855D69361EC9}"
	ProjectSection(ProjectDependencies) = postProject
	EndProjectSection
EndProject
Project("{8BC9CEB8-8B4A-11D0-8D11-00A0C91BC942}") = "asmjit", "libraries\asmjit\asmjit.vcxproj", "{ED8DF6FB-750B-3AD8-A054-B2A35E41A8A0}"
	ProjectSection(ProjectDependencies) = postProject
		{8DD58DF7-66D8-3860-9317-855D69361EC9} = {8DD58DF7-66D8-3860-9317-855D69361EC9}
	EndProjectSection
EndProject
Project("{8BC9CEB8-8B4A-11D0-8D11-00A0C91BC942}") = "brightmaps_pk3", "wadsrc_bm\brightmaps_pk3.vcxproj", "{C8C66C0D-EFC6-3846-9ED0-859B3EAEB270}"
	ProjectSection(ProjectDependencies) = postProject
		{8DD58DF7-66D8-3860-9317-855D69361EC9} = {8DD58DF7-66D8-3860-9317-855D69361EC9}
		{6AC7207B-8D30-3D63-8A88-D5EA98C12777} = {6AC7207B-8D30-3D63-8A88-D5EA98C12777}
		{37B63587-779D-3DBE-AE51-C692E823FA81} = {37B63587-779D-3DBE-AE51-C692E823FA81}
	EndProjectSection
EndProject
Project("{8BC9CEB8-8B4A-11D0-8D11-00A0C91BC942}") = "bz2", "libraries\bzip2\bz2.vcxproj", "{2EF7017C-62D4-31AF-A0F6-A16DE33C5898}"
	ProjectSection(ProjectDependencies) = postProject
		{8DD58DF7-66D8-3860-9317-855D69361EC9} = {8DD58DF7-66D8-3860-9317-855D69361EC9}
	EndProjectSection
EndProject
Project("{8BC9CEB8-8B4A-11D0-8D11-00A0C91BC942}") = "discord-rpc", "libraries\discordrpc\src\discord-rpc.vcxproj", "{0CF83796-7518-37C6-AA28-B9B7779AB415}"
	ProjectSection(ProjectDependencies) = postProject
		{8DD58DF7-66D8-3860-9317-855D69361EC9} = {8DD58DF7-66D8-3860-9317-855D69361EC9}
	EndProjectSection
EndProject
Project("{8BC9CEB8-8B4A-11D0-8D11-00A0C91BC942}") = "gzdoom_pk3", "wadsrc\gzdoom_pk3.vcxproj", "{FE0EBBB5-F4DC-3E3A-89B0-3C10408374BA}"
	ProjectSection(ProjectDependencies) = postProject
		{8DD58DF7-66D8-3860-9317-855D69361EC9} = {8DD58DF7-66D8-3860-9317-855D69361EC9}
		{6AC7207B-8D30-3D63-8A88-D5EA98C12777} = {6AC7207B-8D30-3D63-8A88-D5EA98C12777}
		{37B63587-779D-3DBE-AE51-C692E823FA81} = {37B63587-779D-3DBE-AE51-C692E823FA81}
	EndProjectSection
EndProject
Project("{8BC9CEB8-8B4A-11D0-8D11-00A0C91BC942}") = "lemon", "tools\lemon\lemon.vcxproj", "{EFE63ADB-301D-363A-89B4-0E638D691608}"
	ProjectSection(ProjectDependencies) = postProject
		{8DD58DF7-66D8-3860-9317-855D69361EC9} = {8DD58DF7-66D8-3860-9317-855D69361EC9}
	EndProjectSection
EndProject
Project("{8BC9CEB8-8B4A-11D0-8D11-00A0C91BC942}") = "lights_pk3", "wadsrc_lights\lights_pk3.vcxproj", "{4545C709-2D17-3B7E-A83C-23F03B4CFC99}"
	ProjectSection(ProjectDependencies) = postProject
		{8DD58DF7-66D8-3860-9317-855D69361EC9} = {8DD58DF7-66D8-3860-9317-855D69361EC9}
		{6AC7207B-8D30-3D63-8A88-D5EA98C12777} = {6AC7207B-8D30-3D63-8A88-D5EA98C12777}
		{37B63587-779D-3DBE-AE51-C692E823FA81} = {37B63587-779D-3DBE-AE51-C692E823FA81}
	EndProjectSection
EndProject
Project("{8BC9CEB8-8B4A-11D0-8D11-00A0C91BC942}") = "lzma", "libraries\lzma\lzma.vcxproj", "{3431DDFC-E771-3E0B-9D70-C9BCB123B171}"
	ProjectSection(ProjectDependencies) = postProject
		{8DD58DF7-66D8-3860-9317-855D69361EC9} = {8DD58DF7-66D8-3860-9317-855D69361EC9}
	EndProjectSection
EndProject
Project("{8BC9CEB8-8B4A-11D0-8D11-00A0C91BC942}") = "miniz", "libraries\miniz\miniz.vcxproj", "{9B1BBA72-620E-3F2B-AD66-ADD1F780A83F}"
	ProjectSection(ProjectDependencies) = postProject
		{8DD58DF7-66D8-3860-9317-855D69361EC9} = {8DD58DF7-66D8-3860-9317-855D69361EC9}
	EndProjectSection
EndProject
Project("{8BC9CEB8-8B4A-11D0-8D11-00A0C91BC942}") = "re2c", "tools\re2c\re2c.vcxproj", "{BB998E79-DE7E-3393-BF24-B61CF7F5654A}"
	ProjectSection(ProjectDependencies) = postProject
		{8DD58DF7-66D8-3860-9317-855D69361EC9} = {8DD58DF7-66D8-3860-9317-855D69361EC9}
	EndProjectSection
EndProject
Project("{8BC9CEB8-8B4A-11D0-8D11-00A0C91BC942}") = "revision_check", "src\revision_check.vcxproj", "{23924795-505C-34BB-B892-6F486B99CC24}"
	ProjectSection(ProjectDependencies) = postProject
		{8DD58DF7-66D8-3860-9317-855D69361EC9} = {8DD58DF7-66D8-3860-9317-855D69361EC9}
	EndProjectSection
EndProject
Project("{8BC9CEB8-8B4A-11D0-8D11-00A0C91BC942}") = "webp", "libraries\webp\webp.vcxproj", "{42A337CD-6DCB-36A6-878B-29809068903F}"
	ProjectSection(ProjectDependencies) = postProject
		{8DD58DF7-66D8-3860-9317-855D69361EC9} = {8DD58DF7-66D8-3860-9317-855D69361EC9}
	EndProjectSection
EndProject
Project("{8BC9CEB8-8B4A-11D0-8D11-00A0C91BC942}") = "zdoom", "src\zdoom.vcxproj", "{6AC7207B-8D30-3D63-8A88-D5EA98C12777}"
	ProjectSection(ProjectDependencies) = postProject
		{8DD58DF7-66D8-3860-9317-855D69361EC9} = {8DD58DF7-66D8-3860-9317-855D69361EC9}
		{ED8DF6FB-750B-3AD8-A054-B2A35E41A8A0} = {ED8DF6FB-750B-3AD8-A054-B2A35E41A8A0}
		{2EF7017C-62D4-31AF-A0F6-A16DE33C5898} = {2EF7017C-62D4-31AF-A0F6-A16DE33C5898}
		{0CF83796-7518-37C6-AA28-B9B7779AB415} = {0CF83796-7518-37C6-AA28-B9B7779AB415}
		{EFE63ADB-301D-363A-89B4-0E638D691608} = {EFE63ADB-301D-363A-89B4-0E638D691608}
		{3431DDFC-E771-3E0B-9D70-C9BCB123B171} = {3431DDFC-E771-3E0B-9D70-C9BCB123B171}
		{9B1BBA72-620E-3F2B-AD66-ADD1F780A83F} = {9B1BBA72-620E-3F2B-AD66-ADD1F780A83F}
		{BB998E79-DE7E-3393-BF24-B61CF7F5654A} = {BB998E79-DE7E-3393-BF24-B61CF7F5654A}
		{23924795-505C-34BB-B892-6F486B99CC24} = {23924795-505C-34BB-B892-6F486B99CC24}
		{42A337CD-6DCB-36A6-878B-29809068903F} = {42A337CD-6DCB-36A6-878B-29809068903F}
		{A48CD3C3-E9FA-3A87-9F32-51739C8B1E13} = {A48CD3C3-E9FA-3A87-9F32-51739C8B1E13}
		{EC1FCF76-394B-3659-9A2A-6667BCDA19E4} = {EC1FCF76-394B-3659-9A2A-6667BCDA19E4}
	EndProjectSection
EndProject
Project("{8BC9CEB8-8B4A-11D0-8D11-00A0C91BC942}") = "zipdir", "tools\zipdir\zipdir.vcxproj", "{37B63587-779D-3DBE-AE51-C692E823FA81}"
	ProjectSection(ProjectDependencies) = postProject
		{8DD58DF7-66D8-3860-9317-855D69361EC9} = {8DD58DF7-66D8-3860-9317-855D69361EC9}
		{2EF7017C-62D4-31AF-A0F6-A16DE33C5898} = {2EF7017C-62D4-31AF-A0F6-A16DE33C5898}
		{3431DDFC-E771-3E0B-9D70-C9BCB123B171} = {3431DDFC-E771-3E0B-9D70-C9BCB123B171}
		{9B1BBA72-620E-3F2B-AD66-ADD1F780A83F} = {9B1BBA72-620E-3F2B-AD66-ADD1F780A83F}
	EndProjectSection
EndProject
Project("{8BC9CEB8-8B4A-11D0-8D11-00A0C91BC942}") = "zvulkan", "libraries\ZVulkan\zvulkan.vcxproj", "{A48CD3C3-E9FA-3A87-9F32-51739C8B1E13}"
	ProjectSection(ProjectDependencies) = postProject
		{8DD58DF7-66D8-3860-9317-855D69361EC9} = {8DD58DF7-66D8-3860-9317-855D69361EC9}
	EndProjectSection
EndProject
Project("{8BC9CEB8-8B4A-11D0-8D11-00A0C91BC942}") = "zwidget", "libraries\ZWidget\zwidget.vcxproj", "{EC1FCF76-394B-3659-9A2A-6667BCDA19E4}"
	ProjectSection(ProjectDependencies) = postProject
		{8DD58DF7-66D8-3860-9317-855D69361EC9} = {8DD58DF7-66D8-3860-9317-855D69361EC9}
	EndProjectSection
EndProject
Global
	GlobalSection(SolutionConfigurationPlatforms) = preSolution
		Debug|x64 = Debug|x64
		Release|x64 = Release|x64
		MinSizeRel|x64 = MinSizeRel|x64
		RelWithDebInfo|x64 = RelWithDebInfo|x64
	EndGlobalSection
	GlobalSection(ProjectConfigurationPlatforms) = postSolution
		{8F3F8B51-8A73-3158-A3D6-9144AEA86A73}.Debug|x64.ActiveCfg = Debug|x64
		{8F3F8B51-8A73-3158-A3D6-9144AEA86A73}.Debug|x64.Build.0 = Debug|x64
		{8F3F8B51-8A73-3158-A3D6-9144AEA86A73}.Release|x64.ActiveCfg = Release|x64
		{8F3F8B51-8A73-3158-A3D6-9144AEA86A73}.Release|x64.Build.0 = Release|x64
		{8F3F8B51-8A73-3158-A3D6-9144AEA86A73}.MinSizeRel|x64.ActiveCfg = MinSizeRel|x64
		{8F3F8B51-8A73-3158-A3D6-9144AEA86A73}.MinSizeRel|x64.Build.0 = MinSizeRel|x64
		{8F3F8B51-8A73-3158-A3D6-9144AEA86A73}.RelWithDebInfo|x64.ActiveCfg = RelWithDebInfo|x64
		{8F3F8B51-8A73-3158-A3D6-9144AEA86A73}.RelWithDebInfo|x64.Build.0 = RelWithDebInfo|x64
		{CF425DB8-B6DF-3A5D-8C51-5C1F0CF9D04F}.Debug|x64.ActiveCfg = Debug|x64
		{CF425DB8-B6DF-3A5D-8C51-5C1F0CF9D04F}.Release|x64.ActiveCfg = Release|x64
		{CF425DB8-B6DF-3A5D-8C51-5C1F0CF9D04F}.MinSizeRel|x64.ActiveCfg = MinSizeRel|x64
		{CF425DB8-B6DF-3A5D-8C51-5C1F0CF9D04F}.RelWithDebInfo|x64.ActiveCfg = RelWithDebInfo|x64
		{8DD58DF7-66D8-3860-9317-855D69361EC9}.Debug|x64.ActiveCfg = Debug|x64
		{8DD58DF7-66D8-3860-9317-855D69361EC9}.Debug|x64.Build.0 = Debug|x64
		{8DD58DF7-66D8-3860-9317-855D69361EC9}.Release|x64.ActiveCfg = Release|x64
		{8DD58DF7-66D8-3860-9317-855D69361EC9}.Release|x64.Build.0 = Release|x64
		{8DD58DF7-66D8-3860-9317-855D69361EC9}.MinSizeRel|x64.ActiveCfg = MinSizeRel|x64
		{8DD58DF7-66D8-3860-9317-855D69361EC9}.MinSizeRel|x64.Build.0 = MinSizeRel|x64
		{8DD58DF7-66D8-3860-9317-855D69361EC9}.RelWithDebInfo|x64.ActiveCfg = RelWithDebInfo|x64
		{8DD58DF7-66D8-3860-9317-855D69361EC9}.RelWithDebInfo|x64.Build.0 = RelWithDebInfo|x64
		{ED8DF6FB-750B-3AD8-A054-B2A35E41A8A0}.Debug|x64.ActiveCfg = Debug|x64
		{ED8DF6FB-750B-3AD8-A054-B2A35E41A8A0}.Debug|x64.Build.0 = Debug|x64
		{ED8DF6FB-750B-3AD8-A054-B2A35E41A8A0}.Release|x64.ActiveCfg = Release|x64
		{ED8DF6FB-750B-3AD8-A054-B2A35E41A8A0}.Release|x64.Build.0 = Release|x64
		{ED8DF6FB-750B-3AD8-A054-B2A35E41A8A0}.MinSizeRel|x64.ActiveCfg = MinSizeRel|x64
		{ED8DF6FB-750B-3AD8-A054-B2A35E41A8A0}.MinSizeRel|x64.Build.0 = MinSizeRel|x64
		{ED8DF6FB-750B-3AD8-A054-B2A35E41A8A0}.RelWithDebInfo|x64.ActiveCfg = RelWithDebInfo|x64
		{ED8DF6FB-750B-3AD8-A054-B2A35E41A8A0}.RelWithDebInfo|x64.Build.0 = RelWithDebInfo|x64
		{C8C66C0D-EFC6-3846-9ED0-859B3EAEB270}.Debug|x64.ActiveCfg = Debug|x64
		{C8C66C0D-EFC6-3846-9ED0-859B3EAEB270}.Debug|x64.Build.0 = Debug|x64
		{C8C66C0D-EFC6-3846-9ED0-859B3EAEB270}.Release|x64.ActiveCfg = Release|x64
		{C8C66C0D-EFC6-3846-9ED0-859B3EAEB270}.Release|x64.Build.0 = Release|x64
		{C8C66C0D-EFC6-3846-9ED0-859B3EAEB270}.MinSizeRel|x64.ActiveCfg = MinSizeRel|x64
		{C8C66C0D-EFC6-3846-9ED0-859B3EAEB270}.MinSizeRel|x64.Build.0 = MinSizeRel|x64
		{C8C66C0D-EFC6-3846-9ED0-859B3EAEB270}.RelWithDebInfo|x64.ActiveCfg = RelWithDebInfo|x64
		{C8C66C0D-EFC6-3846-9ED0-859B3EAEB270}.RelWithDebInfo|x64.Build.0 = RelWithDebInfo|x64
		{2EF7017C-62D4-31AF-A0F6-A16DE33C5898}.Debug|x64.ActiveCfg = Debug|x64
		{2EF7017C-62D4-31AF-A0F6-A16DE33C5898}.Debug|x64.Build.0 = Debug|x64
		{2EF7017C-62D4-31AF-A0F6-A16DE33C5898}.Release|x64.ActiveCfg = Release|x64
		{2EF7017C-62D4-31AF-A0F6-A16DE33C5898}.Release|x64.Build.0 = Release|x64
		{2EF7017C-62D4-31AF-A0F6-A16DE33C5898}.MinSizeRel|x64.ActiveCfg = MinSizeRel|x64
		{2EF7017C-62D4-31AF-A0F6-A16DE33C5898}.MinSizeRel|x64.Build.0 = MinSizeRel|x64
		{2EF7017C-62D4-31AF-A0F6-A16DE33C5898}.RelWithDebInfo|x64.ActiveCfg = RelWithDebInfo|x64
		{2EF7017C-62D4-31AF-A0F6-A16DE33C5898}.RelWithDebInfo|x64.Build.0 = RelWithDebInfo|x64
		{0CF83796-7518-37C6-AA28-B9B7779AB415}.Debug|x64.ActiveCfg = Debug|x64
		{0CF83796-7518-37C6-AA28-B9B7779AB415}.Debug|x64.Build.0 = Debug|x64
		{0CF83796-7518-37C6-AA28-B9B7779AB415}.Release|x64.ActiveCfg = Release|x64
		{0CF83796-7518-37C6-AA28-B9B7779AB415}.Release|x64.Build.0 = Release|x64
		{0CF83796-7518-37C6-AA28-B9B7779AB415}.MinSizeRel|x64.ActiveCfg = MinSizeRel|x64
		{0CF83796-7518-37C6-AA28-B9B7779AB415}.MinSizeRel|x64.Build.0 = MinSizeRel|x64
		{0CF83796-7518-37C6-AA28-B9B7779AB415}.RelWithDebInfo|x64.ActiveCfg = RelWithDebInfo|x64
		{0CF83796-7518-37C6-AA28-B9B7779AB415}.RelWithDebInfo|x64.Build.0 = RelWithDebInfo|x64
		{FE0EBBB5-F4DC-3E3A-89B0-3C10408374BA}.Debug|x64.ActiveCfg = Debug|x64
		{FE0EBBB5-F4DC-3E3A-89B0-3C10408374BA}.Debug|x64.Build.0 = Debug|x64
		{FE0EBBB5-F4DC-3E3A-89B0-3C10408374BA}.Release|x64.ActiveCfg = Release|x64
		{FE0EBBB5-F4DC-3E3A-89B0-3C10408374BA}.Release|x64.Build.0 = Release|x64
		{FE0EBBB5-F4DC-3E3A-89B0-3C10408374BA}.MinSizeRel|x64.ActiveCfg = MinSizeRel|x64
		{FE0EBBB5-F4DC-3E3A-89B0-3C10408374BA}.MinSizeRel|x64.Build.0 = MinSizeRel|x64
		{FE0EBBB5-F4DC-3E3A-89B0-3C10408374BA}.RelWithDebInfo|x64.ActiveCfg = RelWithDebInfo|x64
		{FE0EBBB5-F4DC-3E3A-89B0-3C10408374BA}.RelWithDebInfo|x64.Build.0 = RelWithDebInfo|x64
		{EFE63ADB-301D-363A-89B4-0E638D691608}.Debug|x64.ActiveCfg = Debug|x64
		{EFE63ADB-301D-363A-89B4-0E638D691608}.Debug|x64.Build.0 = Debug|x64
		{EFE63ADB-301D-363A-89B4-0E638D691608}.Release|x64.ActiveCfg = Release|x64
		{EFE63ADB-301D-363A-89B4-0E638D691608}.Release|x64.Build.0 = Release|x64
		{EFE63ADB-301D-363A-89B4-0E638D691608}.MinSizeRel|x64.ActiveCfg = MinSizeRel|x64
		{EFE63ADB-301D-363A-89B4-0E638D691608}.MinSizeRel|x64.Build.0 = MinSizeRel|x64
		{EFE63ADB-301D-363A-89B4-0E638D691608}.RelWithDebInfo|x64.ActiveCfg = RelWithDebInfo|x64
		{EFE63ADB-301D-363A-89B4-0E638D691608}.RelWithDebInfo|x64.Build.0 = RelWithDebInfo|x64
		{4545C709-2D17-3B7E-A83C-23F03B4CFC99}.Debug|x64.ActiveCfg = Debug|x64
		{4545C709-2D17-3B7E-A83C-23F03B4CFC99}.Debug|x64.Build.0 = Debug|x64
		{4545C709-2D17-3B7E-A83C-23F03B4CFC99}.Release|x64.ActiveCfg = Release|x64
		{4545C709-2D17-3B7E-A83C-23F03B4CFC99}.Release|x64.Build.0 = Release|x64
		{4545C709-2D17-3B7E-A83C-23F03B4CFC99}.MinSizeRel|x64.ActiveCfg = MinSizeRel|x64
		{4545C709-2D17-3B7E-A83C-23F03B4CFC99}.MinSizeRel|x64.Build.0 = MinSizeRel|x64
		{4545C709-2D17-3B7E-A83C-23F03B4CFC99}.RelWithDebInfo|x64.ActiveCfg = RelWithDebInfo|x64
		{4545C709-2D17-3B7E-A83C-23F03B4CFC99}.RelWithDebInfo|x64.Build.0 = RelWithDebInfo|x64
		{3431DDFC-E771-3E0B-9D70-C9BCB123B171}.Debug|x64.ActiveCfg = Debug|x64
		{3431DDFC-E771-3E0B-9D70-C9BCB123B171}.Debug|x64.Build.0 = Debug|x64
		{3431DDFC-E771-3E0B-9D70-C9BCB123B171}.Release|x64.ActiveCfg = Release|x64
		{3431DDFC-E771-3E0B-9D70-C9BCB123B171}.Release|x64.Build.0 = Release|x64
		{3431DDFC-E771-3E0B-9D70-C9BCB123B171}.MinSizeRel|x64.ActiveCfg = MinSizeRel|x64
		{3431DDFC-E771-3E0B-9D70-C9BCB123B171}.MinSizeRel|x64.Build.0 = MinSizeRel|x64
		{3431DDFC-E771-3E0B-9D70-C9BCB123B171}.RelWithDebInfo|x64.ActiveCfg = RelWithDebInfo|x64
		{3431DDFC-E771-3E0B-9D70-C9BCB123B171}.RelWithDebInfo|x64.Build.0 = RelWithDebInfo|x64
		{9B1BBA72-620E-3F2B-AD66-ADD1F780A83F}.Debug|x64.ActiveCfg = Debug|x64
		{9B1BBA72-620E-3F2B-AD66-ADD1F780A83F}.Debug|x64.Build.0 = Debug|x64
		{9B1BBA72-620E-3F2B-AD66-ADD1F780A83F}.Release|x64.ActiveCfg = Release|x64
		{9B1BBA72-620E-3F2B-AD66-ADD1F780A83F}.Release|x64.Build.0 = Release|x64
		{9B1BBA72-620E-3F2B-AD66-ADD1F780A83F}.MinSizeRel|x64.ActiveCfg = MinSizeRel|x64
		{9B1BBA72-620E-3F2B-AD66-ADD1F780A83F}.MinSizeRel|x64.Build.0 = MinSizeRel|x64
		{9B1BBA72-620E-3F2B-AD66-ADD1F780A83F}.RelWithDebInfo|x64.ActiveCfg = RelWithDebInfo|x64
		{9B1BBA72-620E-3F2B-AD66-ADD1F780A83F}.RelWithDebInfo|x64.Build.0 = RelWithDebInfo|x64
		{BB998E79-DE7E-3393-BF24-B61CF7F5654A}.Debug|x64.ActiveCfg = Debug|x64
		{BB998E79-DE7E-3393-BF24-B61CF7F5654A}.Debug|x64.Build.0 = Debug|x64
		{BB998E79-DE7E-3393-BF24-B61CF7F5654A}.Release|x64.ActiveCfg = Release|x64
		{BB998E79-DE7E-3393-BF24-B61CF7F5654A}.Release|x64.Build.0 = Release|x64
		{BB998E79-DE7E-3393-BF24-B61CF7F5654A}.MinSizeRel|x64.ActiveCfg = MinSizeRel|x64
		{BB998E79-DE7E-3393-BF24-B61CF7F5654A}.MinSizeRel|x64.Build.0 = MinSizeRel|x64
		{BB998E79-DE7E-3393-BF24-B61CF7F5654A}.RelWithDebInfo|x64.ActiveCfg = RelWithDebInfo|x64
		{BB998E79-DE7E-3393-BF24-B61CF7F5654A}.RelWithDebInfo|x64.Build.0 = RelWithDebInfo|x64
		{23924795-505C-34BB-B892-6F486B99CC24}.Debug|x64.ActiveCfg = Debug|x64
		{23924795-505C-34BB-B892-6F486B99CC24}.Debug|x64.Build.0 = Debug|x64
		{23924795-505C-34BB-B892-6F486B99CC24}.Release|x64.ActiveCfg = Release|x64
		{23924795-505C-34BB-B892-6F486B99CC24}.Release|x64.Build.0 = Release|x64
		{23924795-505C-34BB-B892-6F486B99CC24}.MinSizeRel|x64.ActiveCfg = MinSizeRel|x64
		{23924795-505C-34BB-B892-6F486B99CC24}.MinSizeRel|x64.Build.0 = MinSizeRel|x64
		{23924795-505C-34BB-B892-6F486B99CC24}.RelWithDebInfo|x64.ActiveCfg = RelWithDebInfo|x64
		{23924795-505C-34BB-B892-6F486B99CC24}.RelWithDebInfo|x64.Build.0 = RelWithDebInfo|x64
		{42A337CD-6DCB-36A6-878B-29809068903F}.Debug|x64.ActiveCfg = Debug|x64
		{42A337CD-6DCB-36A6-878B-29809068903F}.Debug|x64.Build.0 = Debug|x64
		{42A337CD-6DCB-36A6-878B-29809068903F}.Release|x64.ActiveCfg = Release|x64
		{42A337CD-6DCB-36A6-878B-29809068903F}.Release|x64.Build.0 = Release|x64
		{42A337CD-6DCB-36A6-878B-29809068903F}.MinSizeRel|x64.ActiveCfg = MinSizeRel|x64
		{42A337CD-6DCB-36A6-878B-29809068903F}.MinSizeRel|x64.Build.0 = MinSizeRel|x64
		{42A337CD-6DCB-36A6-878B-29809068903F}.RelWithDebInfo|x64.ActiveCfg = RelWithDebInfo|x64
		{42A337CD-6DCB-36A6-878B-29809068903F}.RelWithDebInfo|x64.Build.0 = RelWithDebInfo|x64
		{6AC7207B-8D30-3D63-8A88-D5EA98C12777}.Debug|x64.ActiveCfg = Debug|x64
		{6AC7207B-8D30-3D63-8A88-D5EA98C12777}.Debug|x64.Build.0 = Debug|x64
		{6AC7207B-8D30-3D63-8A88-D5EA98C12777}.Release|x64.ActiveCfg = Release|x64
		{6AC7207B-8D30-3D63-8A88-D5EA98C12777}.Release|x64.Build.0 = Release|x64
		{6AC7207B-8D30-3D63-8A88-D5EA98C12777}.MinSizeRel|x64.ActiveCfg = MinSizeRel|x64
		{6AC7207B-8D30-3D63-8A88-D5EA98C12777}.MinSizeRel|x64.Build.0 = MinSizeRel|x64
		{6AC7207B-8D30-3D63-8A88-D5EA98C12777}.RelWithDebInfo|x64.ActiveCfg = RelWithDebInfo|x64
		{6AC7207B-8D30-3D63-8A88-D5EA98C12777}.RelWithDebInfo|x64.Build.0 = RelWithDebInfo|x64
		{37B63587-779D-3DBE-AE51-C692E823FA81}.Debug|x64.ActiveCfg = Debug|x64
		{37B63587-779D-3DBE-AE51-C692E823FA81}.Debug|x64.Build.0 = Debug|x64
		{37B63587-779D-3DBE-AE51-C692E823FA81}.Release|x64.ActiveCfg = Release|x64
		{37B63587-779D-3DBE-AE51-C692E823FA81}.Release|x64.Build.0 = Release|x64
		{37B63587-779D-3DBE-AE51-C692E823FA81}.MinSizeRel|x64.ActiveCfg = MinSizeRel|x64
		{37B63587-779D-3DBE-AE51-C692E823FA81}.MinSizeRel|x64.Build.0 = MinSizeRel|x64
		{37B63587-779D-3DBE-AE51-C692E823FA81}.RelWithDebInfo|x64.ActiveCfg = RelWithDebInfo|x64
		{37B63587-779D-3DBE-AE51-C692E823FA81}.RelWithDebInfo|x64.Build.0 = RelWithDebInfo|x64
		{A48CD3C3-E9FA-3A87-9F32-51739C8B1E13}.Debug|x64.ActiveCfg = Debug|x64
		{A48CD3C3-E9FA-3A87-9F32-51739C8B1E13}.Debug|x64.Build.0 = Debug|x64
		{A48CD3C3-E9FA-3A87-9F32-51739C8B1E13}.Release|x64.ActiveCfg = Release|x64
		{A48CD3C3-E9FA-3A87-9F32-51739C8B1E13}.Release|x64.Build.0 = Release|x64
		{A48CD3C3-E9FA-3A87-9F32-51739C8B1E13}.MinSizeRel|x64.ActiveCfg = MinSizeRel|x64
		{A48CD3C3-E9FA-3A87-9F32-51739C8B1E13}.MinSizeRel|x64.Build.0 = MinSizeRel|x64
		{A48CD3C3-E9FA-3A87-9F32-51739C8B1E13}.RelWithDebInfo|x64.ActiveCfg = RelWithDebInfo|x64
		{A48CD3C3-E9FA-3A87-9F32-51739C8B1E13}.RelWithDebInfo|x64.Build.0 = RelWithDebInfo|x64
		{EC1FCF76-394B-3659-9A2A-6667BCDA19E4}.Debug|x64.ActiveCfg = Debug|x64
		{EC1FCF76-394B-3659-9A2A-6667BCDA19E4}.Debug|x64.Build.0 = Debug|x64
		{EC1FCF76-394B-3659-9A2A-6667BCDA19E4}.Release|x64.ActiveCfg = Release|x64
		{EC1FCF76-394B-3659-9A2A-6667BCDA19E4}.Release|x64.Build.0 = Release|x64
		{EC1FCF76-394B-3659-9A2A-6667BCDA19E4}.MinSizeRel|x64.ActiveCfg = MinSizeRel|x64
		{EC1FCF76-394B-3659-9A2A-6667BCDA19E4}.MinSizeRel|x64.Build.0 = MinSizeRel|x64
		{EC1FCF76-394B-3659-9A2A-6667BCDA19E4}.RelWithDebInfo|x64.ActiveCfg = RelWithDebInfo|x64
		{EC1FCF76-394B-3659-9A2A-6667BCDA19E4}.RelWithDebInfo|x64.Build.0 = RelWithDebInfo|x64
	EndGlobalSection
	GlobalSection(ExtensibilityGlobals) = postSolution
		SolutionGuid = {704D914E-643D-324C-A760-B41B57176323}
	EndGlobalSection
	GlobalSection(ExtensibilityAddIns) = postSolution
	EndGlobalSection
EndGlobal
